
Microsoft Visual Studio Solution File, Format Version 12.00
# Visual Studio Version 17
VisualStudioVersion = 17.14.36310.24
MinimumVisualStudioVersion = 10.0.40219.1
Project("{FAE04EC0-301F-11D3-BF4B-00C04F79EFBC}") = "Presentation", "Presentation\Presentation.csproj", "{D22C8E49-75E2-4993-B4B5-16AF7610301B}"
EndProject
Project("{FAE04EC0-301F-11D3-BF4B-00C04F79EFBC}") = "Domain", "Domain\Domain.csproj", "{1C71B40D-2FBD-4A6B-A649-E0B109EE3BB7}"
EndProject
Project("{FAE04EC0-301F-11D3-BF4B-00C04F79EFBC}") = "Infrastructure", "Infrastructure\Infrastructure.csproj", "{B1C0C17B-50E1-4455-8655-595D7157D6FC}"
EndProject
Project("{FAE04EC0-301F-11D3-BF4B-00C04F79EFBC}") = "Shared", "Shared\Shared.csproj", "{5588DBAD-9E21-45C1-96B9-9146AF377FCB}"
EndProject
Project("{FAE04EC0-301F-11D3-BF4B-00C04F79EFBC}") = "Application", "Application\Application.csproj", "{DB89B8D8-F1A0-41F0-90FC-0D881F8DBFFA}"
EndProject
Project("{2150E333-8FDC-42A3-9474-1A3956D46DE8}") = "Элементы решения", "Элементы решения", "{754FC069-D67B-A9D7-50A1-8D1CA196D8F1}"
	ProjectSection(SolutionItems) = preProject
		docker-compose.yml = docker-compose.yml
	EndProjectSection
EndProject
Project("{E53339B2-1760-4266-BCC7-CA923CBCF16C}") = "docker", "Docker\docker.dcproj", "{A1B2C3D4-E5F6-7890-1234-56789ABCDEF0}"
EndProject
Project("{FAE04EC0-301F-11D3-BF4B-00C04F79EFBC}") = "DeputyApp.Tests", "DeputyApp.Tests\DeputyApp.Tests.csproj", "{622DB3B9-F1F0-4549-8BB2-F3181AC57AC5}"
EndProject
Global
	GlobalSection(SolutionConfigurationPlatforms) = preSolution
		Debug|Any CPU = Debug|Any CPU
		Release|Any CPU = Release|Any CPU
	EndGlobalSection
	GlobalSection(ProjectConfigurationPlatforms) = postSolution
		{D22C8E49-75E2-4993-B4B5-16AF7610301B}.Debug|Any CPU.ActiveCfg = Debug|Any CPU
		{D22C8E49-75E2-4993-B4B5-16AF7610301B}.Debug|Any CPU.Build.0 = Debug|Any CPU
		{D22C8E49-75E2-4993-B4B5-16AF7610301B}.Release|Any CPU.ActiveCfg = Release|Any CPU
		{D22C8E49-75E2-4993-B4B5-16AF7610301B}.Release|Any CPU.Build.0 = Release|Any CPU
		{1C71B40D-2FBD-4A6B-A649-E0B109EE3BB7}.Debug|Any CPU.ActiveCfg = Debug|Any CPU
		{1C71B40D-2FBD-4A6B-A649-E0B109EE3BB7}.Debug|Any CPU.Build.0 = Debug|Any CPU
		{1C71B40D-2FBD-4A6B-A649-E0B109EE3BB7}.Release|Any CPU.ActiveCfg = Release|Any CPU
		{1C71B40D-2FBD-4A6B-A649-E0B109EE3BB7}.Release|Any CPU.Build.0 = Release|Any CPU
		{B1C0C17B-50E1-4455-8655-595D7157D6FC}.Debug|Any CPU.ActiveCfg = Debug|Any CPU
		{B1C0C17B-50E1-4455-8655-595D7157D6FC}.Debug|Any CPU.Build.0 = Debug|Any CPU
		{B1C0C17B-50E1-4455-8655-595D7157D6FC}.Release|Any CPU.ActiveCfg = Release|Any CPU
		{B1C0C17B-50E1-4455-8655-595D7157D6FC}.Release|Any CPU.Build.0 = Release|Any CPU
		{5588DBAD-9E21-45C1-96B9-9146AF377FCB}.Debug|Any CPU.ActiveCfg = Debug|Any CPU
		{5588DBAD-9E21-45C1-96B9-9146AF377FCB}.Debug|Any CPU.Build.0 = Debug|Any CPU
		{5588DBAD-9E21-45C1-96B9-9146AF377FCB}.Release|Any CPU.ActiveCfg = Release|Any CPU
		{5588DBAD-9E21-45C1-96B9-9146AF377FCB}.Release|Any CPU.Build.0 = Release|Any CPU
		{DB89B8D8-F1A0-41F0-90FC-0D881F8DBFFA}.Debug|Any CPU.ActiveCfg = Debug|Any CPU
		{DB89B8D8-F1A0-41F0-90FC-0D881F8DBFFA}.Debug|Any CPU.Build.0 = Debug|Any CPU
		{DB89B8D8-F1A0-41F0-90FC-0D881F8DBFFA}.Release|Any CPU.ActiveCfg = Release|Any CPU
		{DB89B8D8-F1A0-41F0-90FC-0D881F8DBFFA}.Release|Any CPU.Build.0 = Release|Any CPU
		{A1B2C3D4-E5F6-7890-1234-56789ABCDEF0}.Debug|Any CPU.ActiveCfg = Debug|Any CPU
		{A1B2C3D4-E5F6-7890-1234-56789ABCDEF0}.Debug|Any CPU.Build.0 = Debug|Any CPU
		{A1B2C3D4-E5F6-7890-1234-56789ABCDEF0}.Release|Any CPU.ActiveCfg = Release|Any CPU
		{A1B2C3D4-E5F6-7890-1234-56789ABCDEF0}.Release|Any CPU.Build.0 = Release|Any CPU
		{622DB3B9-F1F0-4549-8BB2-F3181AC57AC5}.Debug|Any CPU.ActiveCfg = Debug|Any CPU
		{622DB3B9-F1F0-4549-8BB2-F3181AC57AC5}.Debug|Any CPU.Build.0 = Debug|Any CPU
		{622DB3B9-F1F0-4549-8BB2-F3181AC57AC5}.Release|Any CPU.ActiveCfg = Release|Any CPU
		{622DB3B9-F1F0-4549-8BB2-F3181AC57AC5}.Release|Any CPU.Build.0 = Release|Any CPU
	EndGlobalSection
	GlobalSection(SolutionProperties) = preSolution
		HideSolutionNode = FALSE
	EndGlobalSection
	GlobalSection(ExtensibilityGlobals) = postSolution
		SolutionGuid = {21B132D5-E544-42B7-BB56-E139DAC8B953}
		FileExplorer = |Docker\
	EndGlobalSection
EndGlobal
